
Microsoft Visual Studio Solution File, Format Version 12.00
# Visual Studio Version 17
VisualStudioVersion = 17.6.33417.168
MinimumVisualStudioVersion = 10.0.40219.1
Project("{9A19103F-16F7-4668-BE54-9A1E7A4F7556}") = "ATypeScanner", "ATypeScanner\ATypeScanner.csproj", "{74535BC4-A06A-48D4-BAB3-5EF10848A8B5}"
EndProject
Project("{9A19103F-16F7-4668-BE54-9A1E7A4F7556}") = "ATypeScanner.Tests", "ATypeScanner.Tests\ATypeScanner.Tests.csproj", "{F3B085B5-3EDC-494C-B675-1459608FC689}"
EndProject
Project("{9A19103F-16F7-4668-BE54-9A1E7A4F7556}") = "ATypeScanner.Tests.Types", "ATypeScanner.Tests.Types\ATypeScanner.Tests.Types.csproj", "{5283EFCB-38B5-4AA5-BA6F-3A7DB493C2BD}"
EndProject
Project("{2150E333-8FDC-42A3-9474-1A3956D46DE8}") = "Solution Items", "Solution Items", "{F7675175-60B9-46E4-90E8-82EA34DEC7DB}"
	ProjectSection(SolutionItems) = preProject
		.github\workflows\build-and-test.yml = .github\workflows\build-and-test.yml
		README.md = README.md
		.github\workflows\release.yml = .github\workflows\release.yml
	EndProjectSection
EndProject
Global
	GlobalSection(SolutionConfigurationPlatforms) = preSolution
		Debug|Any CPU = Debug|Any CPU
		Release|Any CPU = Release|Any CPU
	EndGlobalSection
	GlobalSection(ProjectConfigurationPlatforms) = postSolution
		{74535BC4-A06A-48D4-BAB3-5EF10848A8B5}.Debug|Any CPU.ActiveCfg = Debug|Any CPU
		{74535BC4-A06A-48D4-BAB3-5EF10848A8B5}.Debug|Any CPU.Build.0 = Debug|Any CPU
		{74535BC4-A06A-48D4-BAB3-5EF10848A8B5}.Release|Any CPU.ActiveCfg = Release|Any CPU
		{74535BC4-A06A-48D4-BAB3-5EF10848A8B5}.Release|Any CPU.Build.0 = Release|Any CPU
		{F3B085B5-3EDC-494C-B675-1459608FC689}.Debug|Any CPU.ActiveCfg = Debug|Any CPU
		{F3B085B5-3EDC-494C-B675-1459608FC689}.Debug|Any CPU.Build.0 = Debug|Any CPU
		{F3B085B5-3EDC-494C-B675-1459608FC689}.Release|Any CPU.ActiveCfg = Release|Any CPU
		{F3B085B5-3EDC-494C-B675-1459608FC689}.Release|Any CPU.Build.0 = Release|Any CPU
		{5283EFCB-38B5-4AA5-BA6F-3A7DB493C2BD}.Debug|Any CPU.ActiveCfg = Debug|Any CPU
		{5283EFCB-38B5-4AA5-BA6F-3A7DB493C2BD}.Debug|Any CPU.Build.0 = Debug|Any CPU
		{5283EFCB-38B5-4AA5-BA6F-3A7DB493C2BD}.Release|Any CPU.ActiveCfg = Release|Any CPU
		{5283EFCB-38B5-4AA5-BA6F-3A7DB493C2BD}.Release|Any CPU.Build.0 = Release|Any CPU
	EndGlobalSection
	GlobalSection(SolutionProperties) = preSolution
		HideSolutionNode = FALSE
	EndGlobalSection
	GlobalSection(ExtensibilityGlobals) = postSolution
		SolutionGuid = {4474F6D6-A9DC-4503-ACE5-1A0F5C089D33}
	EndGlobalSection
EndGlobal
